
Microsoft Visual Studio Solution File, Format Version 12.00
# Visual Studio Version 17
VisualStudioVersion = 17.12.35309.182
MinimumVisualStudioVersion = 10.0.40219.1
Project("{FAE04EC0-301F-11D3-BF4B-00C04F79EFBC}") = "pactflow-azure-function-provider", "pactflow-azure-function-provider\pactflow-azure-function-provider.csproj", "{E36BB9FD-EB7F-4A52-B528-CFA2565A5B3E}"
EndProject
Project("{FAE04EC0-301F-11D3-BF4B-00C04F79EFBC}") = "SampleProviderTests", "SampleProviderTests\SampleProviderTests.csproj", "{228007B5-9752-46FA-8CA1-B9D9838C9352}"
EndProject
Project("{FAE04EC0-301F-11D3-BF4B-00C04F79EFBC}") = "SampleConsumerTests", "SampleConsumerTests\SampleConsumerTests.csproj", "{30DD7E31-7B89-4AC8-AB14-EBBF19907664}"
EndProject
Project("{2150E333-8FDC-42A3-9474-1A3956D46DE8}") = "Solution Items", "Solution Items", "{005C9A55-6E8D-4467-9F19-5458CA6D8C2B}"
	ProjectSection(SolutionItems) = preProject
		pacts\pactflow-azure-function-consumer-pactflow-azure-function-provider.json = pacts\pactflow-azure-function-consumer-pactflow-azure-function-provider.json
	EndProjectSection
EndProject
Global
	GlobalSection(SolutionConfigurationPlatforms) = preSolution
		Debug|Any CPU = Debug|Any CPU
		Release|Any CPU = Release|Any CPU
	EndGlobalSection
	GlobalSection(ProjectConfigurationPlatforms) = postSolution
		{E36BB9FD-EB7F-4A52-B528-CFA2565A5B3E}.Debug|Any CPU.ActiveCfg = Debug|Any CPU
		{E36BB9FD-EB7F-4A52-B528-CFA2565A5B3E}.Debug|Any CPU.Build.0 = Debug|Any CPU
		{E36BB9FD-EB7F-4A52-B528-CFA2565A5B3E}.Release|Any CPU.ActiveCfg = Release|Any CPU
		{E36BB9FD-EB7F-4A52-B528-CFA2565A5B3E}.Release|Any CPU.Build.0 = Release|Any CPU
		{228007B5-9752-46FA-8CA1-B9D9838C9352}.Debug|Any CPU.ActiveCfg = Debug|Any CPU
		{228007B5-9752-46FA-8CA1-B9D9838C9352}.Debug|Any CPU.Build.0 = Debug|Any CPU
		{228007B5-9752-46FA-8CA1-B9D9838C9352}.Release|Any CPU.ActiveCfg = Release|Any CPU
		{228007B5-9752-46FA-8CA1-B9D9838C9352}.Release|Any CPU.Build.0 = Release|Any CPU
		{30DD7E31-7B89-4AC8-AB14-EBBF19907664}.Debug|Any CPU.ActiveCfg = Debug|Any CPU
		{30DD7E31-7B89-4AC8-AB14-EBBF19907664}.Debug|Any CPU.Build.0 = Debug|Any CPU
		{30DD7E31-7B89-4AC8-AB14-EBBF19907664}.Release|Any CPU.ActiveCfg = Release|Any CPU
		{30DD7E31-7B89-4AC8-AB14-EBBF19907664}.Release|Any CPU.Build.0 = Release|Any CPU
	EndGlobalSection
	GlobalSection(SolutionProperties) = preSolution
		HideSolutionNode = FALSE
	EndGlobalSection
	GlobalSection(ExtensibilityGlobals) = postSolution
		SolutionGuid = {5422CC1E-2EC5-4B53-AEC4-F7525AD8E78E}
	EndGlobalSection
EndGlobal
